
Microsoft Visual Studio Solution File, Format Version 12.00
# Visual Studio Version 17
VisualStudioVersion = 17.8.34408.163
MinimumVisualStudioVersion = 10.0.40219.1
Project("{FAE04EC0-301F-11D3-BF4B-00C04F79EFBC}") = "Sanfoundry-Csharp", "Sanfoundry-Csharp\Sanfoundry-Csharp.csproj", "{3B988E00-8735-43F6-800A-EE1E98D9A7FB}"
EndProject
Global
	GlobalSection(SolutionConfigurationPlatforms) = preSolution
		Debug|Any CPU = Debug|Any CPU
		Release|Any CPU = Release|Any CPU
	EndGlobalSection
	GlobalSection(ProjectConfigurationPlatforms) = postSolution
		{3B988E00-8735-43F6-800A-EE1E98D9A7FB}.Debug|Any CPU.ActiveCfg = Debug|Any CPU
		{3B988E00-8735-43F6-800A-EE1E98D9A7FB}.Debug|Any CPU.Build.0 = Debug|Any CPU
		{3B988E00-8735-43F6-800A-EE1E98D9A7FB}.Release|Any CPU.ActiveCfg = Release|Any CPU
		{3B988E00-8735-43F6-800A-EE1E98D9A7FB}.Release|Any CPU.Build.0 = Release|Any CPU
	EndGlobalSection
	GlobalSection(SolutionProperties) = preSolution
		HideSolutionNode = FALSE
	EndGlobalSection
	GlobalSection(ExtensibilityGlobals) = postSolution
		SolutionGuid = {E93E213D-B61B-4214-BC4F-378898911467}
	EndGlobalSection
EndGlobal
